
Microsoft Visual Studio Solution File, Format Version 12.00
# Visual Studio Version 17
VisualStudioVersion = 17.14.36804.6 d17.14
MinimumVisualStudioVersion = 10.0.40219.1
Project("{FAE04EC0-301F-11D3-BF4B-00C04F79EFBC}") = "TodoListApp", "TodoListApp.csproj", "{F55E1630-E611-4011-AF51-472598274C2D}"
EndProject
Global
	GlobalSection(SolutionConfigurationPlatforms) = preSolution
		Debug|Any CPU = Debug|Any CPU
		Release|Any CPU = Release|Any CPU
	EndGlobalSection
	GlobalSection(ProjectConfigurationPlatforms) = postSolution
		{F55E1630-E611-4011-AF51-472598274C2D}.Debug|Any CPU.ActiveCfg = Debug|Any CPU
		{F55E1630-E611-4011-AF51-472598274C2D}.Debug|Any CPU.Build.0 = Debug|Any CPU
		{F55E1630-E611-4011-AF51-472598274C2D}.Release|Any CPU.ActiveCfg = Release|Any CPU
		{F55E1630-E611-4011-AF51-472598274C2D}.Release|Any CPU.Build.0 = Release|Any CPU
	EndGlobalSection
	GlobalSection(SolutionProperties) = preSolution
		HideSolutionNode = FALSE
	EndGlobalSection
	GlobalSection(ExtensibilityGlobals) = postSolution
		SolutionGuid = {1ED9CD56-DAD9-49C6-9B60-756A5E2925CF}
	EndGlobalSection
EndGlobal
